
Microsoft Visual Studio Solution File, Format Version 12.00
# Visual Studio Version 17
VisualStudioVersion = 17.3.32901.215
MinimumVisualStudioVersion = 10.0.40219.1
Project("{9A19103F-16F7-4668-BE54-9A1E7A4F7556}") = "AppspaceTechChallenge.API", "AppspaceTechChallenge.API\AppspaceTechChallenge.API.csproj", "{33C1C5FF-ED1D-4CFC-8170-ECD12AC9338B}"
EndProject
Project("{9A19103F-16F7-4668-BE54-9A1E7A4F7556}") = "AppspaceTechChallenge.Domain", "AppspaceTechChallenge.Domain\AppspaceTechChallenge.Domain.csproj", "{43EE23CA-F4DE-41AF-A78E-111409030182}"
EndProject
Project("{9A19103F-16F7-4668-BE54-9A1E7A4F7556}") = "AppspaceTechChallenge.Infrastructure", "AppSpaceTechChallenge.Infrastructure\AppspaceTechChallenge.Infrastructure.csproj", "{57CA5E29-6B3D-47FE-83E3-0EE05A32E446}"
EndProject
Global
	GlobalSection(SolutionConfigurationPlatforms) = preSolution
		Debug|Any CPU = Debug|Any CPU
		Release|Any CPU = Release|Any CPU
	EndGlobalSection
	GlobalSection(ProjectConfigurationPlatforms) = postSolution
		{33C1C5FF-ED1D-4CFC-8170-ECD12AC9338B}.Debug|Any CPU.ActiveCfg = Debug|Any CPU
		{33C1C5FF-ED1D-4CFC-8170-ECD12AC9338B}.Debug|Any CPU.Build.0 = Debug|Any CPU
		{33C1C5FF-ED1D-4CFC-8170-ECD12AC9338B}.Release|Any CPU.ActiveCfg = Release|Any CPU
		{33C1C5FF-ED1D-4CFC-8170-ECD12AC9338B}.Release|Any CPU.Build.0 = Release|Any CPU
		{43EE23CA-F4DE-41AF-A78E-111409030182}.Debug|Any CPU.ActiveCfg = Debug|Any CPU
		{43EE23CA-F4DE-41AF-A78E-111409030182}.Debug|Any CPU.Build.0 = Debug|Any CPU
		{43EE23CA-F4DE-41AF-A78E-111409030182}.Release|Any CPU.ActiveCfg = Release|Any CPU
		{43EE23CA-F4DE-41AF-A78E-111409030182}.Release|Any CPU.Build.0 = Release|Any CPU
		{57CA5E29-6B3D-47FE-83E3-0EE05A32E446}.Debug|Any CPU.ActiveCfg = Debug|Any CPU
		{57CA5E29-6B3D-47FE-83E3-0EE05A32E446}.Debug|Any CPU.Build.0 = Debug|Any CPU
		{57CA5E29-6B3D-47FE-83E3-0EE05A32E446}.Release|Any CPU.ActiveCfg = Release|Any CPU
		{57CA5E29-6B3D-47FE-83E3-0EE05A32E446}.Release|Any CPU.Build.0 = Release|Any CPU
	EndGlobalSection
	GlobalSection(SolutionProperties) = preSolution
		HideSolutionNode = FALSE
	EndGlobalSection
	GlobalSection(ExtensibilityGlobals) = postSolution
		SolutionGuid = {7A0DD2B2-6ECA-4524-A993-0A9BFAB62668}
	EndGlobalSection
EndGlobal
